
Microsoft Visual Studio Solution File, Format Version 12.00
# Visual Studio Version 16
VisualStudioVersion = 16.0.30309.148
MinimumVisualStudioVersion = 10.0.40219.1
Project("{FAE04EC0-301F-11D3-BF4B-00C04F79EFBC}") = "Majorproject", "Majorproject.csproj", "{B3FA5848-0D7C-4F32-90F9-F66C772212D0}"
EndProject
Global
	GlobalSection(SolutionConfigurationPlatforms) = preSolution
		Debug|Any CPU = Debug|Any CPU
		Release|Any CPU = Release|Any CPU
	EndGlobalSection
	GlobalSection(ProjectConfigurationPlatforms) = postSolution
		{B3FA5848-0D7C-4F32-90F9-F66C772212D0}.Debug|Any CPU.ActiveCfg = Debug|Any CPU
		{B3FA5848-0D7C-4F32-90F9-F66C772212D0}.Debug|Any CPU.Build.0 = Debug|Any CPU
		{B3FA5848-0D7C-4F32-90F9-F66C772212D0}.Release|Any CPU.ActiveCfg = Release|Any CPU
		{B3FA5848-0D7C-4F32-90F9-F66C772212D0}.Release|Any CPU.Build.0 = Release|Any CPU
	EndGlobalSection
	GlobalSection(SolutionProperties) = preSolution
		HideSolutionNode = FALSE
	EndGlobalSection
	GlobalSection(ExtensibilityGlobals) = postSolution
		SolutionGuid = {3F9C8885-E3F1-4F6C-921F-8FD557427070}
	EndGlobalSection
EndGlobal
